PODS:
  - Alamofire (4.7.2)
  - ARCL (1.0.2)

DEPENDENCIES:
  - Alamofire (~> 4.6)
  - ARCL

SPEC REPOS:
  https://github.com/CocoaPods/Specs.git:
    - Alamofire
    - ARCL

SPEC CHECKSUMS:
  Alamofire: e4fa87002c137ba2d8d634d2c51fabcda0d5c223
  ARCL: 88300cadfbdd6a9288ca17ad18d3ac972d6cb1e6

PODFILE CHECKSUM: a8dd7798176447e0cd4cd4c0d0f1dfd248b40e2b

COCOAPODS: 1.5.0
